{
  "name": "@iizotikov/tg-spoiler-editor-js",
  "version": "1.0.3",
  "lockfileVersion": 3,
  "requires": true,
  "packages": {
    "": {
      "name": "@iizotikov/tg-spoiler-editor-js",
      "version": "1.0.3",
      "license": "MIT",
      "dependencies": {
        "@editorjs/editorjs": "^2.30.8"
      }
    },
    "node_modules/@editorjs/editorjs": {
      "version": "2.30.8",
      "license": "Apache-2.0"
    }
  }
}
